github.com/ahmetb/go-cursor v0.0.0-20131010032410-8136607ea412 h1:mjEdk5IWaOUyDfmIScVahVtW56YQ1gBv8RMyHl69Z30=
github.com/ahmetb/go-cursor v0.0.0-20131010032410-8136607ea412/go.mod h1:6/fH+MoHXlGOc3iy8TSNB4eM1oaBDMs1oxPVN40M3h0=
github.com/dominikbraun/graph v0.23.0 h1:TdZB4pPqCLFxYhdyMFb1TBdFxp8XLcJfTTBQucVPgCo=
github.com/dominikbraun/graph v0.23.0/go.mod h1:yOjYyogZLY1LSG9E33JWZJiq5k83Qy2C6POAuiViluc=
golang.org/x/exp v0.0.0-20221208044002-44028be4359e h1:lTjJJUAuWTLRn0pXoNLiVZIFYOIpvmg3MxmZxgO09bM=
golang.org/x/exp v0.0.0-20221208044002-44028be4359e/go.mod h1:CxIveKay+FTh1D0yPZemJVgC/95VzuuOLq5Qi4xnoYc=
